
Microsoft Visual Studio Solution File, Format Version 12.00
# Visual Studio Version 17
VisualStudioVersion = 17.8.34525.116
MinimumVisualStudioVersion = 10.0.40219.1
Project("{9A19103F-16F7-4668-BE54-9A1E7A4F7556}") = "Bmi", "Bmi\Bmi.csproj", "{1E662DA9-8408-4E25-8007-212D93863B9F}"
EndProject
Project("{9A19103F-16F7-4668-BE54-9A1E7A4F7556}") = "Bmi1", "Bmi1\Bmi1.csproj", "{D159030F-63B5-4BFB-8FB5-C3A8234C3226}"
EndProject
Project("{9A19103F-16F7-4668-BE54-9A1E7A4F7556}") = "Lab1", "Lab1\Lab1.csproj", "{094FA9BD-F404-4A9F-BA07-20EBEC8B833D}"
EndProject
Project("{9A19103F-16F7-4668-BE54-9A1E7A4F7556}") = "Lab2", "Lab2\Lab2.csproj", "{0A6B7B14-C60B-4485-B72B-D817D85D8F8A}"
EndProject
Project("{9A19103F-16F7-4668-BE54-9A1E7A4F7556}") = "Lab3", "Lab3\Lab3.csproj", "{A097D6A9-9220-43C5-A8E4-0CFBFE27A107}"
EndProject
Project("{FAE04EC0-301F-11D3-BF4B-00C04F79EFBC}") = "Lab4", "Lab4\Lab4.csproj", "{ADE379AF-2FA4-4FE7-9233-7BD2A98B5111}"
EndProject
Global
	GlobalSection(SolutionConfigurationPlatforms) = preSolution
		Debug|Any CPU = Debug|Any CPU
		Release|Any CPU = Release|Any CPU
	EndGlobalSection
	GlobalSection(ProjectConfigurationPlatforms) = postSolution
		{1E662DA9-8408-4E25-8007-212D93863B9F}.Debug|Any CPU.ActiveCfg = Debug|Any CPU
		{1E662DA9-8408-4E25-8007-212D93863B9F}.Debug|Any CPU.Build.0 = Debug|Any CPU
		{1E662DA9-8408-4E25-8007-212D93863B9F}.Release|Any CPU.ActiveCfg = Release|Any CPU
		{1E662DA9-8408-4E25-8007-212D93863B9F}.Release|Any CPU.Build.0 = Release|Any CPU
		{D159030F-63B5-4BFB-8FB5-C3A8234C3226}.Debug|Any CPU.ActiveCfg = Debug|Any CPU
		{D159030F-63B5-4BFB-8FB5-C3A8234C3226}.Debug|Any CPU.Build.0 = Debug|Any CPU
		{D159030F-63B5-4BFB-8FB5-C3A8234C3226}.Release|Any CPU.ActiveCfg = Release|Any CPU
		{D159030F-63B5-4BFB-8FB5-C3A8234C3226}.Release|Any CPU.Build.0 = Release|Any CPU
		{094FA9BD-F404-4A9F-BA07-20EBEC8B833D}.Debug|Any CPU.ActiveCfg = Debug|Any CPU
		{094FA9BD-F404-4A9F-BA07-20EBEC8B833D}.Debug|Any CPU.Build.0 = Debug|Any CPU
		{094FA9BD-F404-4A9F-BA07-20EBEC8B833D}.Release|Any CPU.ActiveCfg = Release|Any CPU
		{094FA9BD-F404-4A9F-BA07-20EBEC8B833D}.Release|Any CPU.Build.0 = Release|Any CPU
		{0A6B7B14-C60B-4485-B72B-D817D85D8F8A}.Debug|Any CPU.ActiveCfg = Debug|Any CPU
		{0A6B7B14-C60B-4485-B72B-D817D85D8F8A}.Debug|Any CPU.Build.0 = Debug|Any CPU
		{0A6B7B14-C60B-4485-B72B-D817D85D8F8A}.Release|Any CPU.ActiveCfg = Release|Any CPU
		{0A6B7B14-C60B-4485-B72B-D817D85D8F8A}.Release|Any CPU.Build.0 = Release|Any CPU
		{A097D6A9-9220-43C5-A8E4-0CFBFE27A107}.Debug|Any CPU.ActiveCfg = Debug|Any CPU
		{A097D6A9-9220-43C5-A8E4-0CFBFE27A107}.Debug|Any CPU.Build.0 = Debug|Any CPU
		{A097D6A9-9220-43C5-A8E4-0CFBFE27A107}.Release|Any CPU.ActiveCfg = Release|Any CPU
		{A097D6A9-9220-43C5-A8E4-0CFBFE27A107}.Release|Any CPU.Build.0 = Release|Any CPU
		{ADE379AF-2FA4-4FE7-9233-7BD2A98B5111}.Debug|Any CPU.ActiveCfg = Debug|Any CPU
		{ADE379AF-2FA4-4FE7-9233-7BD2A98B5111}.Debug|Any CPU.Build.0 = Debug|Any CPU
		{ADE379AF-2FA4-4FE7-9233-7BD2A98B5111}.Release|Any CPU.ActiveCfg = Release|Any CPU
		{ADE379AF-2FA4-4FE7-9233-7BD2A98B5111}.Release|Any CPU.Build.0 = Release|Any CPU
	EndGlobalSection
	GlobalSection(SolutionProperties) = preSolution
		HideSolutionNode = FALSE
	EndGlobalSection
	GlobalSection(ExtensibilityGlobals) = postSolution
		SolutionGuid = {970978B7-1D7D-44B4-8FD9-CA3ADD323837}
	EndGlobalSection
EndGlobal
